
Microsoft Visual Studio Solution File, Format Version 12.00
# Visual Studio Version 17
VisualStudioVersion = 17.6.33706.43
MinimumVisualStudioVersion = 10.0.40219.1
Project("{2150E333-8FDC-42A3-9474-1A3956D46DE8}") = "Core", "Core", "{70AA6EB1-479A-4DA5-BE25-CCE0E772DAE6}"
EndProject
Project("{2150E333-8FDC-42A3-9474-1A3956D46DE8}") = "Infrastructure", "Infrastructure", "{B1C7D13C-94B8-4639-8E5D-AC2C086271C4}"
EndProject
Project("{9A19103F-16F7-4668-BE54-9A1E7A4F7556}") = "OpcUa.Domain", "OpcUA.Domain\OpcUa.Domain.csproj", "{6582C2C3-917A-4DCC-A06E-5D7C96CC9491}"
EndProject
Project("{9A19103F-16F7-4668-BE54-9A1E7A4F7556}") = "OpcUa.Persistance", "OpcUa.Persistance\OpcUa.Persistance.csproj", "{8DBD1773-765E-447C-BC7D-BF81E1F90D23}"
EndProject
Project("{2150E333-8FDC-42A3-9474-1A3956D46DE8}") = "Solution Items", "Solution Items", "{8CA4C027-788A-47AB-8A9A-AE3619D10CD2}"
	ProjectSection(SolutionItems) = preProject
		Directory.Build.props = Directory.Build.props
	EndProjectSection
EndProject
Project("{9A19103F-16F7-4668-BE54-9A1E7A4F7556}") = "OpcUa.Applications", "OpcUa.Applications\OpcUa.Applications.csproj", "{BC4C2A7C-C0EF-4DA0-A34C-E5649DC0E14A}"
EndProject
Project("{2150E333-8FDC-42A3-9474-1A3956D46DE8}") = "Presentation", "Presentation", "{36AD65D4-0146-4DBF-A3AB-94BE9109E644}"
EndProject
Project("{9A19103F-16F7-4668-BE54-9A1E7A4F7556}") = "OpcUa.Client.Wpf", "OpcUa.Client.Wpf\OpcUa.Client.Wpf.csproj", "{6E515542-46BE-4354-93CB-FDC7CF3E892A}"
EndProject
Project("{9A19103F-16F7-4668-BE54-9A1E7A4F7556}") = "OpcUa.Client.Wpf.Core", "OpcUa.Client.Wpf.Core\OpcUa.Client.Wpf.Core.csproj", "{714279AC-B932-4563-BF7C-F1A797CC5E8F}"
EndProject
Project("{9A19103F-16F7-4668-BE54-9A1E7A4F7556}") = "OpcUa.Client.Applications", "OpcUa.Client.Applications\OpcUa.Client.Applications.csproj", "{B9B5B7A0-032A-45DE-8598-3823C813AC35}"
EndProject
Project("{9A19103F-16F7-4668-BE54-9A1E7A4F7556}") = "OpcUa.ConsoleApp", "OpcUa.Console\OpcUa.ConsoleApp.csproj", "{A00464CE-7094-415D-83D9-6949F3834B56}"
EndProject
Project("{FAE04EC0-301F-11D3-BF4B-00C04F79EFBC}") = "OpcUa.Web", "OpcUa.Web\OpcUa.Web.csproj", "{7DCCDA39-13DF-422B-ADA4-011756AA360D}"
EndProject
Project("{E53339B2-1760-4266-BCC7-CA923CBCF16C}") = "docker-compose", "docker-compose.dcproj", "{411C0DE3-1083-4885-85D6-4B02223A5EE0}"
EndProject
Global
	GlobalSection(SolutionConfigurationPlatforms) = preSolution
		Debug|Any CPU = Debug|Any CPU
		Release|Any CPU = Release|Any CPU
	EndGlobalSection
	GlobalSection(ProjectConfigurationPlatforms) = postSolution
		{6582C2C3-917A-4DCC-A06E-5D7C96CC9491}.Debug|Any CPU.ActiveCfg = Debug|Any CPU
		{6582C2C3-917A-4DCC-A06E-5D7C96CC9491}.Debug|Any CPU.Build.0 = Debug|Any CPU
		{6582C2C3-917A-4DCC-A06E-5D7C96CC9491}.Release|Any CPU.ActiveCfg = Release|Any CPU
		{6582C2C3-917A-4DCC-A06E-5D7C96CC9491}.Release|Any CPU.Build.0 = Release|Any CPU
		{8DBD1773-765E-447C-BC7D-BF81E1F90D23}.Debug|Any CPU.ActiveCfg = Debug|Any CPU
		{8DBD1773-765E-447C-BC7D-BF81E1F90D23}.Debug|Any CPU.Build.0 = Debug|Any CPU
		{8DBD1773-765E-447C-BC7D-BF81E1F90D23}.Release|Any CPU.ActiveCfg = Release|Any CPU
		{8DBD1773-765E-447C-BC7D-BF81E1F90D23}.Release|Any CPU.Build.0 = Release|Any CPU
		{BC4C2A7C-C0EF-4DA0-A34C-E5649DC0E14A}.Debug|Any CPU.ActiveCfg = Debug|Any CPU
		{BC4C2A7C-C0EF-4DA0-A34C-E5649DC0E14A}.Debug|Any CPU.Build.0 = Debug|Any CPU
		{BC4C2A7C-C0EF-4DA0-A34C-E5649DC0E14A}.Release|Any CPU.ActiveCfg = Release|Any CPU
		{BC4C2A7C-C0EF-4DA0-A34C-E5649DC0E14A}.Release|Any CPU.Build.0 = Release|Any CPU
		{6E515542-46BE-4354-93CB-FDC7CF3E892A}.Debug|Any CPU.ActiveCfg = Debug|Any CPU
		{6E515542-46BE-4354-93CB-FDC7CF3E892A}.Debug|Any CPU.Build.0 = Debug|Any CPU
		{6E515542-46BE-4354-93CB-FDC7CF3E892A}.Release|Any CPU.ActiveCfg = Release|Any CPU
		{6E515542-46BE-4354-93CB-FDC7CF3E892A}.Release|Any CPU.Build.0 = Release|Any CPU
		{714279AC-B932-4563-BF7C-F1A797CC5E8F}.Debug|Any CPU.ActiveCfg = Debug|Any CPU
		{714279AC-B932-4563-BF7C-F1A797CC5E8F}.Debug|Any CPU.Build.0 = Debug|Any CPU
		{714279AC-B932-4563-BF7C-F1A797CC5E8F}.Release|Any CPU.ActiveCfg = Release|Any CPU
		{714279AC-B932-4563-BF7C-F1A797CC5E8F}.Release|Any CPU.Build.0 = Release|Any CPU
		{B9B5B7A0-032A-45DE-8598-3823C813AC35}.Debug|Any CPU.ActiveCfg = Debug|Any CPU
		{B9B5B7A0-032A-45DE-8598-3823C813AC35}.Debug|Any CPU.Build.0 = Debug|Any CPU
		{B9B5B7A0-032A-45DE-8598-3823C813AC35}.Release|Any CPU.ActiveCfg = Release|Any CPU
		{B9B5B7A0-032A-45DE-8598-3823C813AC35}.Release|Any CPU.Build.0 = Release|Any CPU
		{A00464CE-7094-415D-83D9-6949F3834B56}.Debug|Any CPU.ActiveCfg = Debug|Any CPU
		{A00464CE-7094-415D-83D9-6949F3834B56}.Debug|Any CPU.Build.0 = Debug|Any CPU
		{A00464CE-7094-415D-83D9-6949F3834B56}.Release|Any CPU.ActiveCfg = Release|Any CPU
		{A00464CE-7094-415D-83D9-6949F3834B56}.Release|Any CPU.Build.0 = Release|Any CPU
		{7DCCDA39-13DF-422B-ADA4-011756AA360D}.Debug|Any CPU.ActiveCfg = Debug|Any CPU
		{7DCCDA39-13DF-422B-ADA4-011756AA360D}.Debug|Any CPU.Build.0 = Debug|Any CPU
		{7DCCDA39-13DF-422B-ADA4-011756AA360D}.Release|Any CPU.ActiveCfg = Release|Any CPU
		{7DCCDA39-13DF-422B-ADA4-011756AA360D}.Release|Any CPU.Build.0 = Release|Any CPU
		{411C0DE3-1083-4885-85D6-4B02223A5EE0}.Debug|Any CPU.ActiveCfg = Debug|Any CPU
		{411C0DE3-1083-4885-85D6-4B02223A5EE0}.Debug|Any CPU.Build.0 = Debug|Any CPU
		{411C0DE3-1083-4885-85D6-4B02223A5EE0}.Release|Any CPU.ActiveCfg = Release|Any CPU
		{411C0DE3-1083-4885-85D6-4B02223A5EE0}.Release|Any CPU.Build.0 = Release|Any CPU
	EndGlobalSection
	GlobalSection(SolutionProperties) = preSolution
		HideSolutionNode = FALSE
	EndGlobalSection
	GlobalSection(NestedProjects) = preSolution
		{6582C2C3-917A-4DCC-A06E-5D7C96CC9491} = {70AA6EB1-479A-4DA5-BE25-CCE0E772DAE6}
		{8DBD1773-765E-447C-BC7D-BF81E1F90D23} = {B1C7D13C-94B8-4639-8E5D-AC2C086271C4}
		{BC4C2A7C-C0EF-4DA0-A34C-E5649DC0E14A} = {70AA6EB1-479A-4DA5-BE25-CCE0E772DAE6}
		{6E515542-46BE-4354-93CB-FDC7CF3E892A} = {36AD65D4-0146-4DBF-A3AB-94BE9109E644}
		{714279AC-B932-4563-BF7C-F1A797CC5E8F} = {36AD65D4-0146-4DBF-A3AB-94BE9109E644}
		{B9B5B7A0-032A-45DE-8598-3823C813AC35} = {70AA6EB1-479A-4DA5-BE25-CCE0E772DAE6}
		{A00464CE-7094-415D-83D9-6949F3834B56} = {36AD65D4-0146-4DBF-A3AB-94BE9109E644}
		{7DCCDA39-13DF-422B-ADA4-011756AA360D} = {36AD65D4-0146-4DBF-A3AB-94BE9109E644}
	EndGlobalSection
	GlobalSection(ExtensibilityGlobals) = postSolution
		SolutionGuid = {03AB4A7D-A96C-471D-8BC6-EED9ABFD0DD1}
	EndGlobalSection
EndGlobal
